
Microsoft Visual Studio Solution File, Format Version 12.00
# Visual Studio 15
VisualStudioVersion = 15.0.28010.2019
MinimumVisualStudioVersion = 10.0.40219.1
Project("{FAE04EC0-301F-11D3-BF4B-00C04F79EFBC}") = "hello", "hello\hello.csproj", "{C9526ED7-2D73-40BE-970D-564D05E8A5DD}"
EndProject
Global
	GlobalSection(SolutionConfigurationPlatforms) = preSolution
		Debug|Any CPU = Debug|Any CPU
		Release|Any CPU = Release|Any CPU
	EndGlobalSection
	GlobalSection(ProjectConfigurationPlatforms) = postSolution
		{C9526ED7-2D73-40BE-970D-564D05E8A5DD}.Debug|Any CPU.ActiveCfg = Debug|Any CPU
		{C9526ED7-2D73-40BE-970D-564D05E8A5DD}.Debug|Any CPU.Build.0 = Debug|Any CPU
		{C9526ED7-2D73-40BE-970D-564D05E8A5DD}.Release|Any CPU.ActiveCfg = Release|Any CPU
		{C9526ED7-2D73-40BE-970D-564D05E8A5DD}.Release|Any CPU.Build.0 = Release|Any CPU
	EndGlobalSection
	GlobalSection(SolutionProperties) = preSolution
		HideSolutionNode = FALSE
	EndGlobalSection
	GlobalSection(ExtensibilityGlobals) = postSolution
		SolutionGuid = {DDF70B46-4F19-416E-9885-028CFA3230FE}
	EndGlobalSection
EndGlobal
